# -------------------------------------------------------------------------- #
# Quartus Prime project settings for 04_uart_rx
# Board: Altera Cyclone IV E EP4CE15F23C8 (50 MHz oscillator)
# -------------------------------------------------------------------------- #

# Project-Wide Assignments
# ========================
set_global_assignment -name PROJECT_OUTPUT_DIRECTORY output
set_global_assignment -name LAST_QUARTUS_VERSION "23.1std.1 Lite Edition"
set_global_assignment -name SDC_FILE fpga.sdc
set_global_assignment -name VERILOG_FILE fpga_top.v
set_global_assignment -name VERILOG_FILE uart_rx.v
set_global_assignment -name VERILOG_FILE hex_display.v
set_global_assignment -name VERILOG_FILE ctrl_74hc595.v
set_global_assignment -name NUM_PARALLEL_PROCESSORS ALL

# Pin & Location Assignments
# ==========================
set_location_assignment PIN_T22 -to CLK
set_location_assignment PIN_U20 -to RSTN
set_location_assignment PIN_V1  -to RXD
set_location_assignment PIN_AA1 -to DS
set_location_assignment PIN_Y2  -to OE
set_location_assignment PIN_W1  -to SHCP
set_location_assignment PIN_Y1  -to STCP

# Classic Timing Assignments
# ==========================
set_global_assignment -name MIN_CORE_JUNCTION_TEMP 0
set_global_assignment -name MAX_CORE_JUNCTION_TEMP 85
set_global_assignment -name NOMINAL_CORE_SUPPLY_VOLTAGE 1.2V

# Analysis & Synthesis Assignments
# ================================
set_global_assignment -name FAMILY "Cyclone IV E"
set_global_assignment -name TOP_LEVEL_ENTITY fpga_top

# Fitter Assignments
# ==================
set_global_assignment -name RESERVE_ALL_UNUSED_PINS_WEAK_PULLUP "AS INPUT TRI-STATED"
set_global_assignment -name DEVICE EP4CE15F23C8
set_global_assignment -name ERROR_CHECK_FREQUENCY_DIVISOR 1

# Power Estimation Assignments
# ============================
set_global_assignment -name POWER_PRESET_COOLING_SOLUTION "23 MM HEAT SINK WITH 200 LFPM AIRFLOW"
set_global_assignment -name POWER_BOARD_THERMAL_MODEL "NONE (CONSERVATIVE)"

# Incremental Compilation
# =======================
set_global_assignment -name PARTITION_NETLIST_TYPE SOURCE -section_id Top
set_global_assignment -name PARTITION_FITTER_PRESERVATION_LEVEL PLACEMENT_AND_ROUTING -section_id Top
set_global_assignment -name PARTITION_COLOR 16764057 -section_id Top
set_instance_assignment -name PARTITION_HIERARCHY root_partition -to | -section_id Top
